
Microsoft Visual Studio Solution File, Format Version 12.00
# Visual Studio Version 17
VisualStudioVersion = 17.7.34221.43
MinimumVisualStudioVersion = 10.0.40219.1
Project("{FAE04EC0-301F-11D3-BF4B-00C04F79EFBC}") = "TextGame3", "TextGame3\TextGame3.csproj", "{AF30B543-F882-4465-B5F6-A7810C2D33E4}"
EndProject
Global
	GlobalSection(SolutionConfigurationPlatforms) = preSolution
		Debug|Any CPU = Debug|Any CPU
		Release|Any CPU = Release|Any CPU
	EndGlobalSection
	GlobalSection(ProjectConfigurationPlatforms) = postSolution
		{AF30B543-F882-4465-B5F6-A7810C2D33E4}.Debug|Any CPU.ActiveCfg = Debug|Any CPU
		{AF30B543-F882-4465-B5F6-A7810C2D33E4}.Debug|Any CPU.Build.0 = Debug|Any CPU
		{AF30B543-F882-4465-B5F6-A7810C2D33E4}.Release|Any CPU.ActiveCfg = Release|Any CPU
		{AF30B543-F882-4465-B5F6-A7810C2D33E4}.Release|Any CPU.Build.0 = Release|Any CPU
	EndGlobalSection
	GlobalSection(SolutionProperties) = preSolution
		HideSolutionNode = FALSE
	EndGlobalSection
	GlobalSection(ExtensibilityGlobals) = postSolution
		SolutionGuid = {B33E8457-18A5-4F4A-AB0D-3D0F80EE619A}
	EndGlobalSection
EndGlobal
